
Microsoft Visual Studio Solution File, Format Version 12.00
# Visual Studio Version 16
VisualStudioVersion = 16.0.30621.155
MinimumVisualStudioVersion = 10.0.40219.1
Project("{FAE04EC0-301F-11D3-BF4B-00C04F79EFBC}") = "Fiorella", "Fiorella\Fiorella.csproj", "{779AFE14-E45A-4810-8309-EF2FC350FE20}"
EndProject
Global
	GlobalSection(SolutionConfigurationPlatforms) = preSolution
		Debug|Any CPU = Debug|Any CPU
		Release|Any CPU = Release|Any CPU
	EndGlobalSection
	GlobalSection(ProjectConfigurationPlatforms) = postSolution
		{779AFE14-E45A-4810-8309-EF2FC350FE20}.Debug|Any CPU.ActiveCfg = Debug|Any CPU
		{779AFE14-E45A-4810-8309-EF2FC350FE20}.Debug|Any CPU.Build.0 = Debug|Any CPU
		{779AFE14-E45A-4810-8309-EF2FC350FE20}.Release|Any CPU.ActiveCfg = Release|Any CPU
		{779AFE14-E45A-4810-8309-EF2FC350FE20}.Release|Any CPU.Build.0 = Release|Any CPU
	EndGlobalSection
	GlobalSection(SolutionProperties) = preSolution
		HideSolutionNode = FALSE
	EndGlobalSection
	GlobalSection(ExtensibilityGlobals) = postSolution
		SolutionGuid = {4FB68F7B-851A-48B5-BFAD-3283658877E3}
	EndGlobalSection
EndGlobal
